{
    "_readme": [
        "This file locks the dependencies of your project to a known state",
        "Read more about it at https://getcomposer.org/doc/01-basic-usage.md#composer-lock-the-lock-file",
        "This file is @generated automatically"
    ],
    "content-hash": "dc280510c32cd0a07e72a5f601365b34",
    "packages": [
        {
            "name": "geertw/ip-anonymizer",
            "version": "v1.1.0",
            "source": {
                "type": "git",
                "url": "https://github.com/geertw/php-ip-anonymizer.git",
                "reference": "6610b85b119de3bb505fd9a484bac67066e4a62f"
            },
            "dist": {
                "type": "zip",
                "url": "https://api.github.com/repos/geertw/php-ip-anonymizer/zipball/6610b85b119de3bb505fd9a484bac67066e4a62f",
                "reference": "6610b85b119de3bb505fd9a484bac67066e4a62f",
                "shasum": ""
            },
            "type": "library",
            "autoload": {
                "psr-4": {
                    "geertw\\IpAnonymizer\\": "src"
                }
            },
            "notification-url": "https://packagist.org/downloads/",
            "license": [
                "MIT"
            ],
            "authors": [
                {
                    "name": "Geert Wirken",
                    "email": "geert@gwirken.nl"
                }
            ],
            "description": "IPv4 and IPv6 address anonymizer",
            "time": "2017-06-24T13:15:14+00:00"
        }
    ],
    "packages-dev": [],
    "aliases": [],
    "minimum-stability": "stable",
    "stability-flags": [],
    "prefer-stable": false,
    "prefer-lowest": false,
    "platform": [],
    "platform-dev": []
}
